// !$*UTF8*$!
{
	archiveVersion = 1;
	classes = {
	};
	objectVersion = 46;
	objects = {

/* Begin PBXBuildFile section */
		845B926F16DF907F007EDE40 /* QuartzCore.framework in Frameworks */ = {isa = PBXBuildFile; fileRef = 845B926E16DF907F007EDE40 /* QuartzCore.framework */; };
		845B927216DF91B7007EDE40 /* left.png in Resources */ = {isa = PBXBuildFile; fileRef = 845B927016DF91B7007EDE40 /* left.png */; };
		845B927316DF91B7007EDE40 /* right.png in Resources */ = {isa = PBXBuildFile; fileRef = 845B927116DF91B7007EDE40 /* right.png */; };
		845B927D16DFA043007EDE40 /* MMViewNavigationController.m in Sources */ = {isa = PBXBuildFile; fileRef = 845B927C16DFA043007EDE40 /* MMViewNavigationController.m */; };
		847AC19616DF562E00479CA1 /* UIKit.framework in Frameworks */ = {isa = PBXBuildFile; fileRef = 847AC19516DF562E00479CA1 /* UIKit.framework */; };
		847AC19816DF562E00479CA1 /* Foundation.framework in Frameworks */ = {isa = PBXBuildFile; fileRef = 847AC19716DF562E00479CA1 /* Foundation.framework */; };
		847AC19A16DF562E00479CA1 /* CoreGraphics.framework in Frameworks */ = {isa = PBXBuildFile; fileRef = 847AC19916DF562E00479CA1 /* CoreGraphics.framework */; };
		847AC1A016DF562E00479CA1 /* InfoPlist.strings in Resources */ = {isa = PBXBuildFile; fileRef = 847AC19E16DF562E00479CA1 /* InfoPlist.strings */; };
		847AC1A216DF562E00479CA1 /* main.m in Sources */ = {isa = PBXBuildFile; fileRef = 847AC1A116DF562E00479CA1 /* main.m */; };
		847AC1A616DF562E00479CA1 /* AppDelegate.m in Sources */ = {isa = PBXBuildFile; fileRef = 847AC1A516DF562E00479CA1 /* AppDelegate.m */; };
		847AC1A816DF562E00479CA1 /* Default.png in Resources */ = {isa = PBXBuildFile; fileRef = 847AC1A716DF562E00479CA1 /* Default.png */; };
		847AC1AA16DF562F00479CA1 /* Default@2x.png in Resources */ = {isa = PBXBuildFile; fileRef = 847AC1A916DF562F00479CA1 /* Default@2x.png */; };
		847AC1AC16DF562F00479CA1 /* Default-568h@2x.png in Resources */ = {isa = PBXBuildFile; fileRef = 847AC1AB16DF562F00479CA1 /* Default-568h@2x.png */; };
		847AC1AF16DF562F00479CA1 /* ViewController.m in Sources */ = {isa = PBXBuildFile; fileRef = 847AC1AE16DF562F00479CA1 /* ViewController.m */; };
		847AC1B216DF562F00479CA1 /* ViewController.xib in Resources */ = {isa = PBXBuildFile; fileRef = 847AC1B016DF562F00479CA1 /* ViewController.xib */; };
/* End PBXBuildFile section */

/* Begin PBXFileReference section */
		845B926E16DF907F007EDE40 /* QuartzCore.framework */ = {isa = PBXFileReference; lastKnownFileType = wrapper.framework; name = QuartzCore.framework; path = System/Library/Frameworks/QuartzCore.framework; sourceTree = SDKROOT; };
		845B927016DF91B7007EDE40 /* left.png */ = {isa = PBXFileReference; lastKnownFileType = image.png; path = left.png; sourceTree = "<group>"; };
		845B927116DF91B7007EDE40 /* right.png */ = {isa = PBXFileReference; lastKnownFileType = image.png; path = right.png; sourceTree = "<group>"; };
		845B927B16DFA043007EDE40 /* MMViewNavigationController.h */ = {isa = PBXFileReference; fileEncoding = 4; lastKnownFileType = sourcecode.c.h; path = MMViewNavigationController.h; sourceTree = "<group>"; };
		845B927C16DFA043007EDE40 /* MMViewNavigationController.m */ = {isa = PBXFileReference; fileEncoding = 4; lastKnownFileType = sourcecode.c.objc; path = MMViewNavigationController.m; sourceTree = "<group>"; };
		847AC19216DF562E00479CA1 /* Testtest.app */ = {isa = PBXFileReference; explicitFileType = wrapper.application; includeInIndex = 0; path = Testtest.app; sourceTree = BUILT_PRODUCTS_DIR; };
		847AC19516DF562E00479CA1 /* UIKit.framework */ = {isa = PBXFileReference; lastKnownFileType = wrapper.framework; name = UIKit.framework; path = System/Library/Frameworks/UIKit.framework; sourceTree = SDKROOT; };
		847AC19716DF562E00479CA1 /* Foundation.framework */ = {isa = PBXFileReference; lastKnownFileType = wrapper.framework; name = Foundation.framework; path = System/Library/Frameworks/Foundation.framework; sourceTree = SDKROOT; };
		847AC19916DF562E00479CA1 /* CoreGraphics.framework */ = {isa = PBXFileReference; lastKnownFileType = wrapper.framework; name = CoreGraphics.framework; path = System/Library/Frameworks/CoreGraphics.framework; sourceTree = SDKROOT; };
		847AC19D16DF562E00479CA1 /* Testtest-Info.plist */ = {isa = PBXFileReference; lastKnownFileType = text.plist.xml; path = "Testtest-Info.plist"; sourceTree = "<group>"; };
		847AC19F16DF562E00479CA1 /* en */ = {isa = PBXFileReference; lastKnownFileType = text.plist.strings; name = en; path = en.lproj/InfoPlist.strings; sourceTree = "<group>"; };
		847AC1A116DF562E00479CA1 /* main.m */ = {isa = PBXFileReference; lastKnownFileType = sourcecode.c.objc; path = main.m; sourceTree = "<group>"; };
		847AC1A316DF562E00479CA1 /* Testtest-Prefix.pch */ = {isa = PBXFileReference; lastKnownFileType = sourcecode.c.h; path = "Testtest-Prefix.pch"; sourceTree = "<group>"; };
		847AC1A416DF562E00479CA1 /* AppDelegate.h */ = {isa = PBXFileReference; lastKnownFileType = sourcecode.c.h; path = AppDelegate.h; sourceTree = "<group>"; };
		847AC1A516DF562E00479CA1 /* AppDelegate.m */ = {isa = PBXFileReference; lastKnownFileType = sourcecode.c.objc; path = AppDelegate.m; sourceTree = "<group>"; };
		847AC1A716DF562E00479CA1 /* Default.png */ = {isa = PBXFileReference; lastKnownFileType = image.png; path = Default.png; sourceTree = "<group>"; };
		847AC1A916DF562F00479CA1 /* Default@2x.png */ = {isa = PBXFileReference; lastKnownFileType = image.png; path = "Default@2x.png"; sourceTree = "<group>"; };
		847AC1AB16DF562F00479CA1 /* Default-568h@2x.png */ = {isa = PBXFileReference; lastKnownFileType = image.png; path = "Default-568h@2x.png"; sourceTree = "<group>"; };
		847AC1AD16DF562F00479CA1 /* ViewController.h */ = {isa = PBXFileReference; lastKnownFileType = sourcecode.c.h; path = ViewController.h; sourceTree = "<group>"; };
		847AC1AE16DF562F00479CA1 /* ViewController.m */ = {isa = PBXFileReference; lastKnownFileType = sourcecode.c.objc; path = ViewController.m; sourceTree = "<group>"; };
		847AC1B116DF562F00479CA1 /* en */ = {isa = PBXFileReference; lastKnownFileType = file.xib; name = en; path = en.lproj/ViewController.xib; sourceTree = "<group>"; };
/* End PBXFileReference section */

/* Begin PBXFrameworksBuildPhase section */
		847AC18F16DF562E00479CA1 /* Frameworks */ = {
			isa = PBXFrameworksBuildPhase;
			buildActionMask = 2147483647;
			files = (
				845B926F16DF907F007EDE40 /* QuartzCore.framework in Frameworks */,
				847AC19616DF562E00479CA1 /* UIKit.framework in Frameworks */,
				847AC19816DF562E00479CA1 /* Foundation.framework in Frameworks */,
				847AC19A16DF562E00479CA1 /* CoreGraphics.framework in Frameworks */,
			);
			runOnlyForDeploymentPostprocessing = 0;
		};
/* End PBXFrameworksBuildPhase section */

/* Begin PBXGroup section */
		847AC18916DF562E00479CA1 = {
			isa = PBXGroup;
			children = (
				845B926E16DF907F007EDE40 /* QuartzCore.framework */,
				847AC19B16DF562E00479CA1 /* Testtest */,
				847AC19416DF562E00479CA1 /* Frameworks */,
				847AC19316DF562E00479CA1 /* Products */,
			);
			sourceTree = "<group>";
		};
		847AC19316DF562E00479CA1 /* Products */ = {
			isa = PBXGroup;
			children = (
				847AC19216DF562E00479CA1 /* Testtest.app */,
			);
			name = Products;
			sourceTree = "<group>";
		};
		847AC19416DF562E00479CA1 /* Frameworks */ = {
			isa = PBXGroup;
			children = (
				847AC19516DF562E00479CA1 /* UIKit.framework */,
				847AC19716DF562E00479CA1 /* Foundation.framework */,
				847AC19916DF562E00479CA1 /* CoreGraphics.framework */,
			);
			name = Frameworks;
			sourceTree = "<group>";
		};
		847AC19B16DF562E00479CA1 /* Testtest */ = {
			isa = PBXGroup;
			children = (
				847AC1A416DF562E00479CA1 /* AppDelegate.h */,
				847AC1A516DF562E00479CA1 /* AppDelegate.m */,
				847AC1AD16DF562F00479CA1 /* ViewController.h */,
				847AC1AE16DF562F00479CA1 /* ViewController.m */,
				845B927B16DFA043007EDE40 /* MMViewNavigationController.h */,
				845B927C16DFA043007EDE40 /* MMViewNavigationController.m */,
				847AC1B016DF562F00479CA1 /* ViewController.xib */,
				847AC19C16DF562E00479CA1 /* Supporting Files */,
			);
			path = Testtest;
			sourceTree = "<group>";
		};
		847AC19C16DF562E00479CA1 /* Supporting Files */ = {
			isa = PBXGroup;
			children = (
				845B927016DF91B7007EDE40 /* left.png */,
				845B927116DF91B7007EDE40 /* right.png */,
				847AC19D16DF562E00479CA1 /* Testtest-Info.plist */,
				847AC19E16DF562E00479CA1 /* InfoPlist.strings */,
				847AC1A116DF562E00479CA1 /* main.m */,
				847AC1A316DF562E00479CA1 /* Testtest-Prefix.pch */,
				847AC1A716DF562E00479CA1 /* Default.png */,
				847AC1A916DF562F00479CA1 /* Default@2x.png */,
				847AC1AB16DF562F00479CA1 /* Default-568h@2x.png */,
			);
			name = "Supporting Files";
			sourceTree = "<group>";
		};
/* End PBXGroup section */

/* Begin PBXNativeTarget section */
		847AC19116DF562E00479CA1 /* Testtest */ = {
			isa = PBXNativeTarget;
			buildConfigurationList = 847AC1B516DF562F00479CA1 /* Build configuration list for PBXNativeTarget "Testtest" */;
			buildPhases = (
				847AC18E16DF562E00479CA1 /* Sources */,
				847AC18F16DF562E00479CA1 /* Frameworks */,
				847AC19016DF562E00479CA1 /* Resources */,
			);
			buildRules = (
			);
			dependencies = (
			);
			name = Testtest;
			productName = Testtest;
			productReference = 847AC19216DF562E00479CA1 /* Testtest.app */;
			productType = "com.apple.product-type.application";
		};
/* End PBXNativeTarget section */

/* Begin PBXProject section */
		847AC18A16DF562E00479CA1 /* Project object */ = {
			isa = PBXProject;
			attributes = {
				LastUpgradeCheck = 0460;
				ORGANIZATIONNAME = Penny;
			};
			buildConfigurationList = 847AC18D16DF562E00479CA1 /* Build configuration list for PBXProject "Testtest" */;
			compatibilityVersion = "Xcode 3.2";
			developmentRegion = English;
			hasScannedForEncodings = 0;
			knownRegions = (
				en,
			);
			mainGroup = 847AC18916DF562E00479CA1;
			productRefGroup = 847AC19316DF562E00479CA1 /* Products */;
			projectDirPath = "";
			projectRoot = "";
			targets = (
				847AC19116DF562E00479CA1 /* Testtest */,
			);
		};
/* End PBXProject section */

/* Begin PBXResourcesBuildPhase section */
		847AC19016DF562E00479CA1 /* Resources */ = {
			isa = PBXResourcesBuildPhase;
			buildActionMask = 2147483647;
			files = (
				847AC1A016DF562E00479CA1 /* InfoPlist.strings in Resources */,
				847AC1A816DF562E00479CA1 /* Default.png in Resources */,
				847AC1AA16DF562F00479CA1 /* Default@2x.png in Resources */,
				847AC1AC16DF562F00479CA1 /* Default-568h@2x.png in Resources */,
				847AC1B216DF562F00479CA1 /* ViewController.xib in Resources */,
				845B927216DF91B7007EDE40 /* left.png in Resources */,
				845B927316DF91B7007EDE40 /* right.png in Resources */,
			);
			runOnlyForDeploymentPostprocessing = 0;
		};
/* End PBXResourcesBuildPhase section */

/* Begin PBXSourcesBuildPhase section */
		847AC18E16DF562E00479CA1 /* Sources */ = {
			isa = PBXSourcesBuildPhase;
			buildActionMask = 2147483647;
			files = (
				847AC1A216DF562E00479CA1 /* main.m in Sources */,
				847AC1A616DF562E00479CA1 /* AppDelegate.m in Sources */,
				847AC1AF16DF562F00479CA1 /* ViewController.m in Sources */,
				845B927D16DFA043007EDE40 /* MMViewNavigationController.m in Sources */,
			);
			runOnlyForDeploymentPostprocessing = 0;
		};
/* End PBXSourcesBuildPhase section */

/* Begin PBXVariantGroup section */
		847AC19E16DF562E00479CA1 /* InfoPlist.strings */ = {
			isa = PBXVariantGroup;
			children = (
				847AC19F16DF562E00479CA1 /* en */,
			);
			name = InfoPlist.strings;
			sourceTree = "<group>";
		};
		847AC1B016DF562F00479CA1 /* ViewController.xib */ = {
			isa = PBXVariantGroup;
			children = (
				847AC1B116DF562F00479CA1 /* en */,
			);
			name = ViewController.xib;
			sourceTree = "<group>";
		};
/* End PBXVariantGroup section */

/* Begin XCBuildConfiguration section */
		847AC1B316DF562F00479CA1 /* Debug */ = {
			isa = XCBuildConfiguration;
			buildSettings = {
				ALWAYS_SEARCH_USER_PATHS = NO;
				CLANG_CXX_LANGUAGE_STANDARD = "gnu++0x";
				CLANG_CXX_LIBRARY = "libc++";
				CLANG_WARN_CONSTANT_CONVERSION = YES;
				CLANG_WARN_EMPTY_BODY = YES;
				CLANG_WARN_ENUM_CONVERSION = YES;
				CLANG_WARN_INT_CONVERSION = YES;
				CLANG_WARN__DUPLICATE_METHOD_MATCH = YES;
				"CODE_SIGN_IDENTITY[sdk=iphoneos*]" = "iPhone Developer";
				COPY_PHASE_STRIP = NO;
				GCC_C_LANGUAGE_STANDARD = gnu99;
				GCC_DYNAMIC_NO_PIC = NO;
				GCC_OPTIMIZATION_LEVEL = 0;
				GCC_PREPROCESSOR_DEFINITIONS = (
					"DEBUG=1",
					"$(inherited)",
				);
				GCC_SYMBOLS_PRIVATE_EXTERN = NO;
				GCC_WARN_ABOUT_RETURN_TYPE = YES;
				GCC_WARN_UNINITIALIZED_AUTOS = YES;
				GCC_WARN_UNUSED_VARIABLE = YES;
				IPHONEOS_DEPLOYMENT_TARGET = 6.1;
				ONLY_ACTIVE_ARCH = YES;
				SDKROOT = iphoneos;
			};
			name = Debug;
		};
		847AC1B416DF562F00479CA1 /* Release */ = {
			isa = XCBuildConfiguration;
			buildSettings = {
				ALWAYS_SEARCH_USER_PATHS = NO;
				CLANG_CXX_LANGUAGE_STANDARD = "gnu++0x";
				CLANG_CXX_LIBRARY = "libc++";
				CLANG_WARN_CONSTANT_CONVERSION = YES;
				CLANG_WARN_EMPTY_BODY = YES;
				CLANG_WARN_ENUM_CONVERSION = YES;
				CLANG_WARN_INT_CONVERSION = YES;
				CLANG_WARN__DUPLICATE_METHOD_MATCH = YES;
				"CODE_SIGN_IDENTITY[sdk=iphoneos*]" = "iPhone Developer";
				COPY_PHASE_STRIP = YES;
				GCC_C_LANGUAGE_STANDARD = gnu99;
				GCC_WARN_ABOUT_RETURN_TYPE = YES;
				GCC_WARN_UNINITIALIZED_AUTOS = YES;
				GCC_WARN_UNUSED_VARIABLE = YES;
				IPHONEOS_DEPLOYMENT_TARGET = 6.1;
				OTHER_CFLAGS = "-DNS_BLOCK_ASSERTIONS=1";
				SDKROOT = iphoneos;
				VALIDATE_PRODUCT = YES;
			};
			name = Release;
		};
		847AC1B616DF562F00479CA1 /* Debug */ = {
			isa = XCBuildConfiguration;
			buildSettings = {
				GCC_PRECOMPILE_PREFIX_HEADER = YES;
				GCC_PREFIX_HEADER = "Testtest/Testtest-Prefix.pch";
				INFOPLIST_FILE = "Testtest/Testtest-Info.plist";
				PRODUCT_NAME = "$(TARGET_NAME)";
				WRAPPER_EXTENSION = app;
			};
			name = Debug;
		};
		847AC1B716DF562F00479CA1 /* Release */ = {
			isa = XCBuildConfiguration;
			buildSettings = {
				GCC_PRECOMPILE_PREFIX_HEADER = YES;
				GCC_PREFIX_HEADER = "Testtest/Testtest-Prefix.pch";
				INFOPLIST_FILE = "Testtest/Testtest-Info.plist";
				PRODUCT_NAME = "$(TARGET_NAME)";
				WRAPPER_EXTENSION = app;
			};
			name = Release;
		};
/* End XCBuildConfiguration section */

/* Begin XCConfigurationList section */
		847AC18D16DF562E00479CA1 /* Build configuration list for PBXProject "Testtest" */ = {
			isa = XCConfigurationList;
			buildConfigurations = (
				847AC1B316DF562F00479CA1 /* Debug */,
				847AC1B416DF562F00479CA1 /* Release */,
			);
			defaultConfigurationIsVisible = 0;
			defaultConfigurationName = Release;
		};
		847AC1B516DF562F00479CA1 /* Build configuration list for PBXNativeTarget "Testtest" */ = {
			isa = XCConfigurationList;
			buildConfigurations = (
				847AC1B616DF562F00479CA1 /* Debug */,
				847AC1B716DF562F00479CA1 /* Release */,
			);
			defaultConfigurationIsVisible = 0;
			defaultConfigurationName = Release;
		};
/* End XCConfigurationList section */
	};
	rootObject = 847AC18A16DF562E00479CA1 /* Project object */;
}
